
Microsoft Visual Studio Solution File, Format Version 12.00
# Visual Studio Version 17
VisualStudioVersion = 17.0.31903.59
MinimumVisualStudioVersion = 10.0.40219.1
Project("{FAE04EC0-301F-11D3-BF4B-00C04F79EFBC}") = "UE4SSInstaller", "UE4SSInstaller.csproj", "{17CF42F9-351D-4767-9ADD-A9E7962DB3FE}"
EndProject
Project("{FAE04EC0-301F-11D3-BF4B-00C04F79EFBC}") = "UE4SSInstaller.Tests", "UE4SSInstaller.Tests\UE4SSInstaller.Tests.csproj", "{2BEFA054-8A03-41A5-AE08-92D708E0C393}"
EndProject
Global
	GlobalSection(SolutionConfigurationPlatforms) = preSolution
		Debug|Any CPU = Debug|Any CPU
		Debug|x64 = Debug|x64
		Debug|x86 = Debug|x86
		Release|Any CPU = Release|Any CPU
		Release|x64 = Release|x64
		Release|x86 = Release|x86
	EndGlobalSection
	GlobalSection(ProjectConfigurationPlatforms) = postSolution
		{17CF42F9-351D-4767-9ADD-A9E7962DB3FE}.Debug|Any CPU.ActiveCfg = Debug|Any CPU
		{17CF42F9-351D-4767-9ADD-A9E7962DB3FE}.Debug|Any CPU.Build.0 = Debug|Any CPU
		{17CF42F9-351D-4767-9ADD-A9E7962DB3FE}.Debug|x64.ActiveCfg = Debug|Any CPU
		{17CF42F9-351D-4767-9ADD-A9E7962DB3FE}.Debug|x64.Build.0 = Debug|Any CPU
		{17CF42F9-351D-4767-9ADD-A9E7962DB3FE}.Debug|x86.ActiveCfg = Debug|Any CPU
		{17CF42F9-351D-4767-9ADD-A9E7962DB3FE}.Debug|x86.Build.0 = Debug|Any CPU
		{17CF42F9-351D-4767-9ADD-A9E7962DB3FE}.Release|Any CPU.ActiveCfg = Release|Any CPU
		{17CF42F9-351D-4767-9ADD-A9E7962DB3FE}.Release|Any CPU.Build.0 = Release|Any CPU
		{17CF42F9-351D-4767-9ADD-A9E7962DB3FE}.Release|x64.ActiveCfg = Release|Any CPU
		{17CF42F9-351D-4767-9ADD-A9E7962DB3FE}.Release|x64.Build.0 = Release|Any CPU
		{17CF42F9-351D-4767-9ADD-A9E7962DB3FE}.Release|x86.ActiveCfg = Release|Any CPU
		{17CF42F9-351D-4767-9ADD-A9E7962DB3FE}.Release|x86.Build.0 = Release|Any CPU
		{2BEFA054-8A03-41A5-AE08-92D708E0C393}.Debug|Any CPU.ActiveCfg = Debug|Any CPU
		{2BEFA054-8A03-41A5-AE08-92D708E0C393}.Debug|Any CPU.Build.0 = Debug|Any CPU
		{2BEFA054-8A03-41A5-AE08-92D708E0C393}.Debug|x64.ActiveCfg = Debug|Any CPU
		{2BEFA054-8A03-41A5-AE08-92D708E0C393}.Debug|x64.Build.0 = Debug|Any CPU
		{2BEFA054-8A03-41A5-AE08-92D708E0C393}.Debug|x86.ActiveCfg = Debug|Any CPU
		{2BEFA054-8A03-41A5-AE08-92D708E0C393}.Debug|x86.Build.0 = Debug|Any CPU
		{2BEFA054-8A03-41A5-AE08-92D708E0C393}.Release|Any CPU.ActiveCfg = Release|Any CPU
		{2BEFA054-8A03-41A5-AE08-92D708E0C393}.Release|Any CPU.Build.0 = Release|Any CPU
		{2BEFA054-8A03-41A5-AE08-92D708E0C393}.Release|x64.ActiveCfg = Release|Any CPU
		{2BEFA054-8A03-41A5-AE08-92D708E0C393}.Release|x64.Build.0 = Release|Any CPU
		{2BEFA054-8A03-41A5-AE08-92D708E0C393}.Release|x86.ActiveCfg = Release|Any CPU
		{2BEFA054-8A03-41A5-AE08-92D708E0C393}.Release|x86.Build.0 = Release|Any CPU
	EndGlobalSection
	GlobalSection(SolutionProperties) = preSolution
		HideSolutionNode = FALSE
	EndGlobalSection
EndGlobal
